{
  "version": 1,
  "dependencies": {
    "net10.0": {
      "AWSSDK.Extensions.NETCore.Setup": {
        "type": "Direct",
        "requested": "[4.0.3.22, )",
        "resolved": "4.0.3.22",
        "contentHash": "ntrhUo3m8iCGdBhVbURM3W2b4wv1zlo9XR2hVG43h2vRxhfuq+TitJEE2bLgm2pQHeDWikbraeKiCF+BhlNFDg==",
        "dependencies": {
          "AWSSDK.Core": "4.0.3.12",
          "Microsoft.Extensions.Configuration.Abstractions": "2.0.0",
          "Microsoft.Extensions.DependencyInjection.Abstractions": "8.0.0",
          "Microsoft.Extensions.Logging.Abstractions": "2.0.0"
        }
      },
      "AWSSDK.S3": {
        "type": "Direct",
        "requested": "[4.0.18.1, )",
        "resolved": "4.0.18.1",
        "contentHash": "T4tT121H4vpRk2X5ML2zU/IbgIg/BLpZdY4EVE2OhQh/8g96ZtquyCu8UmhQl6769Avv+245jSknR3ADOJavYw==",
        "dependencies": {
          "AWSSDK.Core": "[4.0.3.12, 5.0.0)"
        }
      },
      "LocalStack.Client": {
        "type": "Direct",
        "requested": "[2.0.0, )",
        "resolved": "2.0.0",
        "contentHash": "aNTiKTEeVsvd5vfolWmsJ6f5uAgiiNh63F3oYFG4EerJf9T1Q9Ps7KV2BJLDtb2+CaxQlROgkf15JjhZLo8xmg==",
        "dependencies": {
          "AWSSDK.Core": "4.0.0.15"
        }
      },
      "LocalStack.Client.Extensions": {
        "type": "Direct",
        "requested": "[2.0.0, )",
        "resolved": "2.0.0",
        "contentHash": "4jCBUBUDcr+ftTIiE8UZgLowXnzLtpGlR8Gx6svUGYvUxoJqyXP5MDi6uaoXsGg7qJb1DDBTiZ4jsRI2oLg8pA==",
        "dependencies": {
          "AWSSDK.Extensions.NETCore.Setup": "4.0.2",
          "LocalStack.Client": "2.0.0",
          "Microsoft.Extensions.Configuration.Abstractions": "3.1.32",
          "Microsoft.Extensions.Configuration.Binder": "3.1.32",
          "Microsoft.Extensions.DependencyInjection.Abstractions": "8.0.0",
          "Microsoft.Extensions.Logging.Abstractions": "3.1.32",
          "Microsoft.Extensions.Options.ConfigurationExtensions": "3.1.32"
        }
      },
      "WolverineFx.Http": {
        "type": "Direct",
        "requested": "[5.12.1, )",
        "resolved": "5.12.1",
        "contentHash": "QsPHI9essNz7TcoFZ1j9i8FHtWRy903ob4/MumcQy2jqkuUHLo5qLDusk7r65sbY6ZQSsokZi76oPTQ6tZZ3pQ==",
        "dependencies": {
          "WolverineFx": "5.12.1"
        }
      },
      "AWSSDK.Core": {
        "type": "Transitive",
        "resolved": "4.0.3.12",
        "contentHash": "/FyE96xV2qJLgJN++ZW8M7udRf2NBLoku9AkEHLQqpH9uv0r0QQK2sw2pF3OvzKnuKsyp+Mx5wYwgFXPLnBb9g=="
      },
      "DistributedLock.Core": {
        "type": "Transitive",
        "resolved": "1.0.8",
        "contentHash": "LAOsY8WxX8JU/n3lfXFz+f2pfnv0+4bHkCrOO3bwa28u9HrS3DlxSG6jf+u76SqesKs+KehZi0CndkfaUXBKvg=="
      },
      "DistributedLock.Postgres": {
        "type": "Transitive",
        "resolved": "1.3.0",
        "contentHash": "CyjXmbhFgG30qPg4DwGnsmZO63y5DBRo+PI2xW0NwtFrsYsMVt/T1RcEUlb36JMKhDkf+euhnkanv/nU+W35qA==",
        "dependencies": {
          "DistributedLock.Core": "[1.0.8, 1.1.0)",
          "Npgsql": "8.0.6"
        }
      },
      "FastExpressionCompiler": {
        "type": "Transitive",
        "resolved": "5.3.0",
        "contentHash": "XRmGW48Gdm7B70WUtTJJUnmuc8jRDmOhhjG/a3rix/nXChnrkETaSvA0j2VrcsH4MNeYLe60LA5o5JABmbneag=="
      },
      "FluentValidation": {
        "type": "Transitive",
        "resolved": "12.1.1",
        "contentHash": "EPpkIe1yh1a0OXyC100oOA8WMbZvqUu5plwhvYcb7oSELfyUZzfxV48BLhvs3kKo4NwG7MGLNgy1RJiYtT8Dpw=="
      },
      "FSharp.Core": {
        "type": "Transitive",
        "resolved": "9.0.100",
        "contentHash": "ye8yagHGsH08H2Twno5GRWkSbrMtxK/SWiHuPcF+3nODpW65/VJ8RO0aWxp8n9+KQbmahg90wAEL3TEXjF0r6A=="
      },
      "Humanizer.Core": {
        "type": "Transitive",
        "resolved": "2.14.1",
        "contentHash": "lQKvtaTDOXnoVJ20ibTuSIOf2i0uO0MPbDhd1jm238I+U/2ZnRENj0cktKZhtchBMtCUSRQ5v4xBCUbKNmyVMw=="
      },
      "ImTools": {
        "type": "Transitive",
        "resolved": "4.0.0",
        "contentHash": "dms0JfLKC9AQbQX/EdpRjn59EjEvaCxIgv1z9YxbEQb5SiOVoo7vlIKdEySeEwUkWhN05rZnNpUpG+aw5VqPVQ=="
      },
      "JasperFx": {
        "type": "Transitive",
        "resolved": "1.16.0",
        "contentHash": "5yr0dEd8jBMQXJZhj2Jgh4BjeW8RVcaRhk8orxKiEjetPUI49vQqUll1UKjz6mkqqA62htn0Fx+qOi0scjKquQ==",
        "dependencies": {
          "FastExpressionCompiler": "5.3.0",
          "ImTools": "4.0.0",
          "Microsoft.Bcl.TimeProvider": "10.0.0",
          "Microsoft.Extensions.DependencyInjection.Abstractions": "10.0.0",
          "Microsoft.Extensions.Hosting": "10.0.0",
          "Microsoft.Extensions.ObjectPool": "10.0.0",
          "Polly.Core": "8.6.5",
          "Spectre.Console": "0.53.0"
        }
      },
      "JasperFx.Events": {
        "type": "Transitive",
        "resolved": "1.16.0",
        "contentHash": "mz5s+AZyfmq8hcp0Fsg2iDQ831HHLxH9jKQ/hvjqDZ2eHpQ62xNJtGOwLatOboETeYeitMkUjg2yL896xbLlQQ==",
        "dependencies": {
          "JasperFx": "1.16.0"
        }
      },
      "JasperFx.RuntimeCompiler": {
        "type": "Transitive",
        "resolved": "4.3.1",
        "contentHash": "DWn8/+3BrMGWESbLXwp0uiacFj+HbQ4TzDFBOdC8xVE4yEHFctfedHZjPtIEQm0hDXyFCmKSjfek2KIycdfzwQ==",
        "dependencies": {
          "JasperFx": "1.12.0",
          "Microsoft.CodeAnalysis": "[4.14.0, 6.0.0)",
          "Microsoft.CodeAnalysis.CSharp": "[4.14.0, 6.0.0)",
          "Microsoft.CodeAnalysis.Scripting": "[4.14.0, 6.0.0)",
          "Microsoft.Extensions.Logging.Abstractions": "10.0.0"
        }
      },
      "Marten": {
        "type": "Transitive",
        "resolved": "8.18.3",
        "contentHash": "x62KQK0f5X5QYu7M2q4QrihDnm5UiwwDDe7wqNEWwg0W6FEePWE9IZ0ZVdUEZYYMwy8lQ0xzRyy8In/DcnkQ2w==",
        "dependencies": {
          "FSharp.Core": "9.0.100",
          "JasperFx": "1.16.0",
          "JasperFx.Events": "1.16.0",
          "JasperFx.RuntimeCompiler": "4.3.1",
          "Microsoft.Extensions.Hosting.Abstractions": "10.0.0",
          "Newtonsoft.Json": "13.0.3",
          "Npgsql.Json.NET": "9.0.4",
          "Weasel.Postgresql": "8.4.3"
        }
      },
      "Marten.AspNetCore": {
        "type": "Transitive",
        "resolved": "8.15.0",
        "contentHash": "MwrzZumvwMGS6Pb5Jc9Fr0AYrJ1fVecu1lDxRl7XsS9as2I4W4tOHm44SfD7HLwKkIsP99FUCgUo8gV7lAg8Fw==",
        "dependencies": {
          "Marten": "8.15.0"
        }
      },
      "Microsoft.Bcl.AsyncInterfaces": {
        "type": "Transitive",
        "resolved": "9.0.0",
        "contentHash": "owmu2Cr3IQ8yQiBleBHlGk8dSQ12oaF2e7TpzwJKEl4m84kkZJjEY1n33L67Y3zM5jPOjmmbdHjbfiL0RqcMRQ=="
      },
      "Microsoft.Bcl.TimeProvider": {
        "type": "Transitive",
        "resolved": "10.0.0",
        "contentHash": "bUubrBD6tRJE3V1kvRloYc6NymH3R5oFKjAS9e0ELNx6u0ZR+zjps9dDQyjgqN/rArzl7f+21KGszj3YRN7F2Q=="
      },
      "Microsoft.CodeAnalysis": {
        "type": "Transitive",
        "resolved": "4.14.0",
        "contentHash": "T6TU+xURqfdaJKibiwI77hQqqoQTK2C9FtXD25qpNI6VZjQbqsyWLiuiISxrTGWq4TbB2DUSP6VOoRJkaF/lEw==",
        "dependencies": {
          "Humanizer.Core": "2.14.1",
          "Microsoft.Bcl.AsyncInterfaces": "9.0.0",
          "Microsoft.CodeAnalysis.Analyzers": "3.11.0",
          "Microsoft.CodeAnalysis.CSharp.Workspaces": "[4.14.0]",
          "Microsoft.CodeAnalysis.VisualBasic.Workspaces": "[4.14.0]",
          "System.Composition": "9.0.0"
        }
      },
      "Microsoft.CodeAnalysis.Analyzers": {
        "type": "Transitive",
        "resolved": "3.11.0",
        "contentHash": "v/EW3UE8/lbEYHoC2Qq7AR/DnmvpgdtAMndfQNmpuIMx/Mto8L5JnuCfdBYtgvalQOtfNCnxFejxuRrryvUTsg=="
      },
      "Microsoft.CodeAnalysis.Common": {
        "type": "Transitive",
        "resolved": "4.14.0",
        "contentHash": "PC3tuwZYnC+idaPuoC/AZpEdwrtX7qFpmnrfQkgobGIWiYmGi5MCRtl5mx6QrfMGQpK78X2lfIEoZDLg/qnuHg==",
        "dependencies": {
          "Microsoft.CodeAnalysis.Analyzers": "3.11.0"
        }
      },
      "Microsoft.CodeAnalysis.CSharp": {
        "type": "Transitive",
        "resolved": "4.14.0",
        "contentHash": "568a6wcTivauIhbeWcCwfWwIn7UV7MeHEBvFB2uzGIpM2OhJ4eM/FZ8KS0yhPoNxnSpjGzz7x7CIjTxhslojQA==",
        "dependencies": {
          "Microsoft.CodeAnalysis.Analyzers": "3.11.0",
          "Microsoft.CodeAnalysis.Common": "[4.14.0]"
        }
      },
      "Microsoft.CodeAnalysis.CSharp.Scripting": {
        "type": "Transitive",
        "resolved": "4.14.0",
        "contentHash": "Ji6L9o7JY7tVMthoqInsksPLDE0tfAvJURC9Xe038N4FyXH2wKS4K/sG/bDbdJoK1oFIOLtyPEe2POJ+/AeGZg==",
        "dependencies": {
          "Microsoft.CodeAnalysis.Analyzers": "3.11.0",
          "Microsoft.CodeAnalysis.CSharp": "[4.14.0]",
          "Microsoft.CodeAnalysis.Common": "[4.14.0]",
          "Microsoft.CodeAnalysis.Scripting.Common": "[4.14.0]"
        }
      },
      "Microsoft.CodeAnalysis.CSharp.Workspaces": {
        "type": "Transitive",
        "resolved": "4.14.0",
        "contentHash": "QkgCEM4qJo6gdtblXtNgHqtykS61fxW+820hx5JN6n9DD4mQtqNB+6fPeJ3GQWg6jkkGz6oG9yZq7H3Gf0zwYw==",
        "dependencies": {
          "Humanizer.Core": "2.14.1",
          "Microsoft.CodeAnalysis.Analyzers": "3.11.0",
          "Microsoft.CodeAnalysis.CSharp": "[4.14.0]",
          "Microsoft.CodeAnalysis.Common": "[4.14.0]",
          "Microsoft.CodeAnalysis.Workspaces.Common": "[4.14.0]",
          "System.Composition": "9.0.0"
        }
      },
      "Microsoft.CodeAnalysis.Scripting": {
        "type": "Transitive",
        "resolved": "4.14.0",
        "contentHash": "GE6S7aRRDgLfnzg5NWbKRqu1I0Jwdh1IPM3IxANRgLXtYQPqVr9FrtlNpnvMALSqMh0frPuB09+ZAHOIdnYUoQ==",
        "dependencies": {
          "Microsoft.CodeAnalysis.Analyzers": "3.11.0",
          "Microsoft.CodeAnalysis.CSharp.Scripting": "[4.14.0]"
        }
      },
      "Microsoft.CodeAnalysis.Scripting.Common": {
        "type": "Transitive",
        "resolved": "4.14.0",
        "contentHash": "YRFoYZQU4VPlB+Xwwtj8gIHXxMyuhGXyj207IWHcsSNaJtW83My0FGv6jtN9gC/HkxgjdMYJORPjBwUx3+FVjQ==",
        "dependencies": {
          "Microsoft.CodeAnalysis.Analyzers": "3.11.0",
          "Microsoft.CodeAnalysis.Common": "[4.14.0]"
        }
      },
      "Microsoft.CodeAnalysis.VisualBasic": {
        "type": "Transitive",
        "resolved": "4.14.0",
        "contentHash": "AVGOptT9LlETb6BjTkK58XHi1xx7XO8KLbtpPfpwjNckoYoCgdkFz/LS1LfhE1Sq/OTqToqpBUJ48FvVhdKHeA==",
        "dependencies": {
          "Microsoft.CodeAnalysis.Analyzers": "3.11.0",
          "Microsoft.CodeAnalysis.Common": "[4.14.0]"
        }
      },
      "Microsoft.CodeAnalysis.VisualBasic.Workspaces": {
        "type": "Transitive",
        "resolved": "4.14.0",
        "contentHash": "fT9lTVerQJRTeGcN5aDcK05XccuWeAyCa+hbMUnRYg2qdwNuBwYjZRdjOICQmiWgka7MOyF9DQeXosad5s1Jpg==",
        "dependencies": {
          "Humanizer.Core": "2.14.1",
          "Microsoft.CodeAnalysis.Analyzers": "3.11.0",
          "Microsoft.CodeAnalysis.Common": "[4.14.0]",
          "Microsoft.CodeAnalysis.VisualBasic": "[4.14.0]",
          "Microsoft.CodeAnalysis.Workspaces.Common": "[4.14.0]",
          "System.Composition": "9.0.0"
        }
      },
      "Microsoft.CodeAnalysis.Workspaces.Common": {
        "type": "Transitive",
        "resolved": "4.14.0",
        "contentHash": "wNVK9JrqjqDC/WgBUFV6henDfrW87NPfo98nzah/+M/G1D6sBOPtXwqce3UQNn+6AjTnmkHYN1WV9XmTlPemTw==",
        "dependencies": {
          "Humanizer.Core": "2.14.1",
          "Microsoft.CodeAnalysis.Analyzers": "3.11.0",
          "Microsoft.CodeAnalysis.Common": "[4.14.0]",
          "System.Composition": "9.0.0"
        }
      },
      "Microsoft.Extensions.Caching.Abstractions": {
        "type": "Transitive",
        "resolved": "10.0.0",
        "contentHash": "Zcoy6H9mSoGyvr7UvlGokEZrlZkcPCICPZr8mCsSt9U/N8eeCwCXwKF5bShdA66R0obxBCwP4AxomQHvVkC/uA==",
        "dependencies": {
          "Microsoft.Extensions.Primitives": "10.0.0"
        }
      },
      "Microsoft.Extensions.Caching.Memory": {
        "type": "Transitive",
        "resolved": "10.0.0",
        "contentHash": "krK19MKp0BNiR9rpBDW7PKSrTMLVlifS9am3CVc4O1Jq6GWz0o4F+sw5OSL4L3mVd56W8l6JRgghUa2KB51vOw==",
        "dependencies": {
          "Microsoft.Extensions.Caching.Abstractions": "10.0.0",
          "Microsoft.Extensions.DependencyInjection.Abstractions": "10.0.0",
          "Microsoft.Extensions.Logging.Abstractions": "10.0.0",
          "Microsoft.Extensions.Options": "10.0.0",
          "Microsoft.Extensions.Primitives": "10.0.0"
        }
      },
      "Microsoft.Extensions.Configuration": {
        "type": "Transitive",
        "resolved": "10.0.2",
        "contentHash": "Lws+o4DFw6p5NquRoYA3d5QVvi49ugNw7TxbW4QGLsL8F1LCCyJqWFy0+RMQ/hzUuS9aKV5NJ/XGAF5N9/RQcQ==",
        "dependencies": {
          "Microsoft.Extensions.Configuration.Abstractions": "10.0.2",
          "Microsoft.Extensions.Primitives": "10.0.2"
        }
      },
      "Microsoft.Extensions.Configuration.Abstractions": {
        "type": "Transitive",
        "resolved": "10.0.2",
        "contentHash": "KC5PslaTDnTuTvyke0KYAVBYdZ7IVTsU3JhHe69BpEbHLcj1YThP3bIGtZNOkZfast2AuLnul5lk4rZKxAdUGQ==",
        "dependencies": {
          "Microsoft.Extensions.Primitives": "10.0.2"
        }
      },
      "Microsoft.Extensions.Configuration.Binder": {
        "type": "Transitive",
        "resolved": "10.0.2",
        "contentHash": "/SdW50prUuenglSy7MXU3eVQkOk4/J4fjc+GIhv4NkTmaZOQyTqpVAYi8nRjNtOKHzCy7g5cSlOSgkbT7clLwQ==",
        "dependencies": {
          "Microsoft.Extensions.Configuration": "10.0.2",
          "Microsoft.Extensions.Configuration.Abstractions": "10.0.2"
        }
      },
      "Microsoft.Extensions.Configuration.CommandLine": {
        "type": "Transitive",
        "resolved": "10.0.2",
        "contentHash": "KhqLwsao0b40VNgWPdg/UdaW4mxHhrthTngL0G8wSb2YkNSGTrs2RrBzkouiw1eTeQfhYcy0tpGy5ETCO+xjfg==",
        "dependencies": {
          "Microsoft.Extensions.Configuration": "10.0.2",
          "Microsoft.Extensions.Configuration.Abstractions": "10.0.2"
        }
      },
      "Microsoft.Extensions.Configuration.EnvironmentVariables": {
        "type": "Transitive",
        "resolved": "10.0.2",
        "contentHash": "Y+wv67KiW7q0+PxAg3osjohrddgxl/7mMriRZPBcYUgOzOq/O2rTvAXbuy1vINIarT2YmENfePaDcu2KgvIDXw==",
        "dependencies": {
          "Microsoft.Extensions.Configuration": "10.0.2",
          "Microsoft.Extensions.Configuration.Abstractions": "10.0.2"
        }
      },
      "Microsoft.Extensions.Configuration.FileExtensions": {
        "type": "Transitive",
        "resolved": "10.0.2",
        "contentHash": "6vStNVa/7hcT6VrYvVMGCWUl/QIKwNeQaSGnKw1E4RPpZbQbOjDsATCbrQUa0sFUs7LW8T9aZ2NBKttMz1+WuA==",
        "dependencies": {
          "Microsoft.Extensions.Configuration": "10.0.2",
          "Microsoft.Extensions.Configuration.Abstractions": "10.0.2",
          "Microsoft.Extensions.FileProviders.Abstractions": "10.0.2",
          "Microsoft.Extensions.FileProviders.Physical": "10.0.2",
          "Microsoft.Extensions.Primitives": "10.0.2"
        }
      },
      "Microsoft.Extensions.Configuration.Json": {
        "type": "Transitive",
        "resolved": "10.0.2",
        "contentHash": "ovjOVr+rNxOT249iezwihlPNMaIJdBC6PMGeMnzhkm5EoKJWFjp3mmvtndfHY6A88X4wulXlidMhmjX8v6V/aw==",
        "dependencies": {
          "Microsoft.Extensions.Configuration": "10.0.2",
          "Microsoft.Extensions.Configuration.Abstractions": "10.0.2",
          "Microsoft.Extensions.Configuration.FileExtensions": "10.0.2",
          "Microsoft.Extensions.FileProviders.Abstractions": "10.0.2"
        }
      },
      "Microsoft.Extensions.Configuration.UserSecrets": {
        "type": "Transitive",
        "resolved": "10.0.2",
        "contentHash": "4Doiw8ILZz60D3WuoKRPoUjcNO6a5tP+D1T3L4SdVm/AC8VcyEYgUVbpzu+XPCzstM2oPefLvOGXMde8C8UAKg==",
        "dependencies": {
          "Microsoft.Extensions.Configuration.Abstractions": "10.0.2",
          "Microsoft.Extensions.Configuration.Json": "10.0.2",
          "Microsoft.Extensions.FileProviders.Abstractions": "10.0.2",
          "Microsoft.Extensions.FileProviders.Physical": "10.0.2"
        }
      },
      "Microsoft.Extensions.DependencyInjection": {
        "type": "Transitive",
        "resolved": "10.0.2",
        "contentHash": "J/Zmp6fY93JbaiZ11ckWvcyxMPjD6XVwIHQXBjryTBgn7O6O20HYg9uVLFcZlNfgH78MnreE/7EH+hjfzn7VyA==",
        "dependencies": {
          "Microsoft.Extensions.DependencyInjection.Abstractions": "10.0.2"
        }
      },
      "Microsoft.Extensions.DependencyInjection.Abstractions": {
        "type": "Transitive",
        "resolved": "10.0.2",
        "contentHash": "zOIurr59+kUf9vNcsUkCvKWZv+fPosUZXURZesYkJCvl0EzTc9F7maAO4Cd2WEV7ZJJ0AZrFQvuH6Npph9wdBw=="
      },
      "Microsoft.Extensions.Diagnostics": {
        "type": "Transitive",
        "resolved": "10.0.2",
        "contentHash": "+2lv/hi6VGnaJt4877BFkkySiMiHrKCeX7K5ElIshIKpF65o63zeXMnUR4U6EQ/eM75Hx7T8s3RcqnjdcnVB1A==",
        "dependencies": {
          "Microsoft.Extensions.Configuration": "10.0.2",
          "Microsoft.Extensions.Diagnostics.Abstractions": "10.0.2",
          "Microsoft.Extensions.Options.ConfigurationExtensions": "10.0.2"
        }
      },
      "Microsoft.Extensions.Diagnostics.Abstractions": {
        "type": "Transitive",
        "resolved": "10.0.2",
        "contentHash": "GaiaeKUuLuUbRPkUokndDuzonhO6dk4lcfGflHsCeXiJ5JrZxcyks1KuG6eB9pON16x/+9uWfa4w9g3oP8AYvQ==",
        "dependencies": {
          "Microsoft.Extensions.DependencyInjection.Abstractions": "10.0.2",
          "Microsoft.Extensions.Options": "10.0.2"
        }
      },
      "Microsoft.Extensions.FileProviders.Abstractions": {
        "type": "Transitive",
        "resolved": "10.0.2",
        "contentHash": "+r/eJ+slW/EmwWmH3En4gzRg1k6+yTqexoHBrMuz5fxsIKJA8MDiSGepjw/ko3XyNqg+w3dxQe+huoVXs5XDJw==",
        "dependencies": {
          "Microsoft.Extensions.Primitives": "10.0.2"
        }
      },
      "Microsoft.Extensions.FileProviders.Physical": {
        "type": "Transitive",
        "resolved": "10.0.2",
        "contentHash": "4+ypApaugtHIz5Q2Z3oC4+erDbOgy0HrMFYS3Nm3qmTXyqK7sU7LJWY9gci99Wcx6j7ivgk8kdCkgmvsA4t0Ow==",
        "dependencies": {
          "Microsoft.Extensions.FileProviders.Abstractions": "10.0.2",
          "Microsoft.Extensions.FileSystemGlobbing": "10.0.2",
          "Microsoft.Extensions.Primitives": "10.0.2"
        }
      },
      "Microsoft.Extensions.FileSystemGlobbing": {
        "type": "Transitive",
        "resolved": "10.0.2",
        "contentHash": "XozoMaWcFIv1tv0LDF+YMeZYjiNiNIewpNdZ3TEoVGf8ROrp0hVoEdUyUBsI8oYGM5U3Z5hiNEv0j2Z5COnMgg=="
      },
      "Microsoft.Extensions.Hosting": {
        "type": "Transitive",
        "resolved": "10.0.2",
        "contentHash": "qUU5XAayGD0wySbu9ntSLCjM3gudmDLzuWVBbnMKlIbdgqhr0dC1bfULpFnPCVSQsU5TaSblU1qShFyTRwSjrQ==",
        "dependencies": {
          "Microsoft.Extensions.Configuration": "10.0.2",
          "Microsoft.Extensions.Configuration.Abstractions": "10.0.2",
          "Microsoft.Extensions.Configuration.Binder": "10.0.2",
          "Microsoft.Extensions.Configuration.CommandLine": "10.0.2",
          "Microsoft.Extensions.Configuration.EnvironmentVariables": "10.0.2",
          "Microsoft.Extensions.Configuration.FileExtensions": "10.0.2",
          "Microsoft.Extensions.Configuration.Json": "10.0.2",
          "Microsoft.Extensions.Configuration.UserSecrets": "10.0.2",
          "Microsoft.Extensions.DependencyInjection": "10.0.2",
          "Microsoft.Extensions.DependencyInjection.Abstractions": "10.0.2",
          "Microsoft.Extensions.Diagnostics": "10.0.2",
          "Microsoft.Extensions.FileProviders.Abstractions": "10.0.2",
          "Microsoft.Extensions.FileProviders.Physical": "10.0.2",
          "Microsoft.Extensions.Hosting.Abstractions": "10.0.2",
          "Microsoft.Extensions.Logging": "10.0.2",
          "Microsoft.Extensions.Logging.Abstractions": "10.0.2",
          "Microsoft.Extensions.Logging.Configuration": "10.0.2",
          "Microsoft.Extensions.Logging.Console": "10.0.2",
          "Microsoft.Extensions.Logging.Debug": "10.0.2",
          "Microsoft.Extensions.Logging.EventLog": "10.0.2",
          "Microsoft.Extensions.Logging.EventSource": "10.0.2",
          "Microsoft.Extensions.Options": "10.0.2"
        }
      },
      "Microsoft.Extensions.Hosting.Abstractions": {
        "type": "Transitive",
        "resolved": "10.0.2",
        "contentHash": "CeAAPVOtI/wtBcHOwq6Pw3VPdGi+pNaGHZj6vfXX/5zr8beO9SyL7IOCSQ70BauFTAFS0QF7f6zu2A6hC8D6nw==",
        "dependencies": {
          "Microsoft.Extensions.Configuration.Abstractions": "10.0.2",
          "Microsoft.Extensions.DependencyInjection.Abstractions": "10.0.2",
          "Microsoft.Extensions.Diagnostics.Abstractions": "10.0.2",
          "Microsoft.Extensions.FileProviders.Abstractions": "10.0.2",
          "Microsoft.Extensions.Logging.Abstractions": "10.0.2"
        }
      },
      "Microsoft.Extensions.Logging": {
        "type": "Transitive",
        "resolved": "10.0.2",
        "contentHash": "a0EWuBs6D3d7XMGroDXm+WsAi5CVVfjOJvyxurzWnuhBN9CO+1qHKcrKV1JK7H/T4ZtHIoVCOX/YyWM8K87qtw==",
        "dependencies": {
          "Microsoft.Extensions.DependencyInjection": "10.0.2",
          "Microsoft.Extensions.Logging.Abstractions": "10.0.2",
          "Microsoft.Extensions.Options": "10.0.2"
        }
      },
      "Microsoft.Extensions.Logging.Abstractions": {
        "type": "Transitive",
        "resolved": "10.0.2",
        "contentHash": "RZkez/JjpnO+MZ6efKkSynN6ZztLpw3WbxNzjLCPBd97wWj1S9ZYPWi0nmT4kWBRa6atHsdM1ydGkUr8GudyDQ==",
        "dependencies": {
          "Microsoft.Extensions.DependencyInjection.Abstractions": "10.0.2"
        }
      },
      "Microsoft.Extensions.Logging.Configuration": {
        "type": "Transitive",
        "resolved": "10.0.2",
        "contentHash": "XVtNJfLZVTDmQS5RCUjIr7QEAgGhJ3yQ0L3PduN7rE4aijmqYl0pIF09ZSU8jgnxml91Mw59ze220g8S7anaOg==",
        "dependencies": {
          "Microsoft.Extensions.Configuration": "10.0.2",
          "Microsoft.Extensions.Configuration.Abstractions": "10.0.2",
          "Microsoft.Extensions.Configuration.Binder": "10.0.2",
          "Microsoft.Extensions.DependencyInjection.Abstractions": "10.0.2",
          "Microsoft.Extensions.Logging": "10.0.2",
          "Microsoft.Extensions.Logging.Abstractions": "10.0.2",
          "Microsoft.Extensions.Options": "10.0.2",
          "Microsoft.Extensions.Options.ConfigurationExtensions": "10.0.2"
        }
      },
      "Microsoft.Extensions.Logging.Console": {
        "type": "Transitive",
        "resolved": "10.0.2",
        "contentHash": "Z6gBfpHqJsz2hGH+eUQUQI+DSHsDNhTKt8toHAtDhYFRlxUN1FKPKzNmTgSrAz1gtDTOBjDU5lQZ50463Ehw7A==",
        "dependencies": {
          "Microsoft.Extensions.DependencyInjection.Abstractions": "10.0.2",
          "Microsoft.Extensions.Logging": "10.0.2",
          "Microsoft.Extensions.Logging.Abstractions": "10.0.2",
          "Microsoft.Extensions.Logging.Configuration": "10.0.2",
          "Microsoft.Extensions.Options": "10.0.2"
        }
      },
      "Microsoft.Extensions.Logging.Debug": {
        "type": "Transitive",
        "resolved": "10.0.2",
        "contentHash": "LohXg8Uc+cGLzPhUTgwOR9Z/lqMFpDT+NylPFwT6yXZfJAm/QE+Gv14HNir9tfposwGl5IuR+3yfLOuc6PNHVg==",
        "dependencies": {
          "Microsoft.Extensions.DependencyInjection.Abstractions": "10.0.2",
          "Microsoft.Extensions.Logging": "10.0.2",
          "Microsoft.Extensions.Logging.Abstractions": "10.0.2"
        }
      },
      "Microsoft.Extensions.Logging.EventLog": {
        "type": "Transitive",
        "resolved": "10.0.2",
        "contentHash": "gRQ3bpTZRCr2Z3Qx4RNP6G23XnJMXmRCsIgWg542B/cp/Rz8Jv3nfINVNmeOCy4aGQ65VfHtoi6Rd8RzoG5a5g==",
        "dependencies": {
          "Microsoft.Extensions.DependencyInjection.Abstractions": "10.0.2",
          "Microsoft.Extensions.Logging": "10.0.2",
          "Microsoft.Extensions.Logging.Abstractions": "10.0.2",
          "Microsoft.Extensions.Options": "10.0.2",
          "System.Diagnostics.EventLog": "10.0.2"
        }
      },
      "Microsoft.Extensions.Logging.EventSource": {
        "type": "Transitive",
        "resolved": "10.0.2",
        "contentHash": "PSn5a9GF1TmdlvsSnBsddcl1Qcrk/mfJbyXEV+RNJTV5GC/Tkm8DI344C/3LXy/YG1r+aIyjPB6/FlWoCmvEdA==",
        "dependencies": {
          "Microsoft.Extensions.DependencyInjection.Abstractions": "10.0.2",
          "Microsoft.Extensions.Logging": "10.0.2",
          "Microsoft.Extensions.Logging.Abstractions": "10.0.2",
          "Microsoft.Extensions.Options": "10.0.2",
          "Microsoft.Extensions.Primitives": "10.0.2"
        }
      },
      "Microsoft.Extensions.ObjectPool": {
        "type": "Transitive",
        "resolved": "10.0.0",
        "contentHash": "bpeCq0IYmVLACyEUMzFIOQX+zZUElG1t+nu1lSxthe7B+1oNYking7b91305+jNB6iwojp9fqTY9O+Nh7ULQxg=="
      },
      "Microsoft.Extensions.Options": {
        "type": "Transitive",
        "resolved": "10.0.2",
        "contentHash": "1De2LJjmxdqopI5AYC5dIhoZQ79AR5ayywxNF1rXrXFtKQfbQOV9+n/IsZBa7qWlr0MqoGpW8+OY2v/57udZOA==",
        "dependencies": {
          "Microsoft.Extensions.DependencyInjection.Abstractions": "10.0.2",
          "Microsoft.Extensions.Primitives": "10.0.2"
        }
      },
      "Microsoft.Extensions.Options.ConfigurationExtensions": {
        "type": "Transitive",
        "resolved": "10.0.2",
        "contentHash": "8njGDg0OdDBM4Zox0ybuUOJZkQ8HcH49F+POZBlG+nsfzEyqOCHyHEkWeRVI62qsssiugUVEKqUttT1ZbV0aJQ==",
        "dependencies": {
          "Microsoft.Extensions.Configuration.Abstractions": "10.0.2",
          "Microsoft.Extensions.Configuration.Binder": "10.0.2",
          "Microsoft.Extensions.DependencyInjection.Abstractions": "10.0.2",
          "Microsoft.Extensions.Options": "10.0.2",
          "Microsoft.Extensions.Primitives": "10.0.2"
        }
      },
      "Microsoft.Extensions.Primitives": {
        "type": "Transitive",
        "resolved": "10.0.2",
        "contentHash": "QmSiO+oLBEooGgB3i0GRXyeYRDHjllqt3k365jwfZlYWhvSHA3UL2NEVV5m8aZa041eIlblo6KMI5txvTMpTwA=="
      },
      "NetTopologySuite": {
        "type": "Transitive",
        "resolved": "2.5.0",
        "contentHash": "5/+2O2ADomEdUn09mlSigACdqvAf0m/pVPGtIPEPQWnyrVykYY0NlfXLIdkMgi41kvH9kNrPqYaFBTZtHYH7Xw=="
      },
      "NetTopologySuite.IO.PostGis": {
        "type": "Transitive",
        "resolved": "2.1.0",
        "contentHash": "3W8XTFz8iP6GQ5jDXK1/LANHiU+988k1kmmuPWNKcJLpmSg6CvFpbTpz+s4+LBzkAp64wHGOldSlkSuzYfrIKA==",
        "dependencies": {
          "NetTopologySuite": "[2.0.0, 3.0.0-A)"
        }
      },
      "NewId": {
        "type": "Transitive",
        "resolved": "4.0.1",
        "contentHash": "jegBasNndmG21G3BmT51suFDCIz/sLN81j+IxmkZ4iWoaDi8LygeHiyNnYbXz5OQh9nCRJFIx1+PJrlYi1Gc9Q=="
      },
      "Newtonsoft.Json": {
        "type": "Transitive",
        "resolved": "13.0.3",
        "contentHash": "HrC5BXdl00IP9zeV+0Z848QWPAoCr9P3bDEZguI+gkLcBKAOxix/tLEAAHC+UvDNPv4a2d18lOReHMOagPa+zQ=="
      },
      "Npgsql": {
        "type": "Transitive",
        "resolved": "9.0.4",
        "contentHash": "68BASXH0FAEuL/J4J0eRfYC8/3vzqQTmoW8zDzNf0JgaVxc7LZeEkS6jaG0ib3voFLxY5ZiCwJG+uQM+mzuu0Q==",
        "dependencies": {
          "Microsoft.Extensions.Logging.Abstractions": "8.0.2"
        }
      },
      "Npgsql.Json.NET": {
        "type": "Transitive",
        "resolved": "9.0.4",
        "contentHash": "Eunq7mqatJujFOaZMdiWT9N7eUXHEFxe4IX/PeN8Nt1BpNYjzF2tPlmqR90EvuGT3tiEicmj4xDviC0UcPwM1w==",
        "dependencies": {
          "Newtonsoft.Json": "13.0.3",
          "Npgsql": "9.0.4"
        }
      },
      "Npgsql.NetTopologySuite": {
        "type": "Transitive",
        "resolved": "9.0.4",
        "contentHash": "7AwBLPz8EPmgAXveZ55K0Tz/9bNb8j4VI4pkTOQjyHrce8wWfAA9pefm3REidy+Kt2UFiAWef34YVi7sb/kB4A==",
        "dependencies": {
          "NetTopologySuite": "2.5.0",
          "NetTopologySuite.IO.PostGIS": "2.1.0",
          "Npgsql": "9.0.4"
        }
      },
      "Polly.Core": {
        "type": "Transitive",
        "resolved": "8.6.5",
        "contentHash": "t+sUVrIwvo7UmsgHGgOG9F0GDZSRIm47u2ylH17Gvcv1q5hNEwgD5GoBlFyc0kh/pebmPyrAgvGsR/65ZBaXlg=="
      },
      "RabbitMQ.Client": {
        "type": "Transitive",
        "resolved": "7.1.2",
        "contentHash": "y3c6ulgULScWthHw5PLM1ShHRLhxg0vCtzX/hh61gRgNecL3ZC3WoBW2HYHoXOVRqTl99Br9E7CZEytGZEsCyQ==",
        "dependencies": {
          "System.Threading.RateLimiting": "8.0.0"
        }
      },
      "SkiaSharp": {
        "type": "Transitive",
        "resolved": "3.119.1",
        "contentHash": "+Ru1BTSZQne3Vp+vbSb50Ke3Nlc3ZnItxx4+751J9WZ8YzLKAV/n+9DAo4zFTyeCI//ueT63c+VybmTTpYBEiw==",
        "dependencies": {
          "SkiaSharp.NativeAssets.Win32": "3.119.1",
          "SkiaSharp.NativeAssets.macOS": "3.119.1"
        }
      },
      "SkiaSharp.NativeAssets.Linux": {
        "type": "Transitive",
        "resolved": "3.119.1",
        "contentHash": "9YNoc4SeKvQhrwiqwT4ezkNfMywPdPSK+UFvo/CaoXqLixcnYOTsQKm5BF9mc4+q3vKgDtEgMt0d1ygZhJTEHg=="
      },
      "SkiaSharp.NativeAssets.macOS": {
        "type": "Transitive",
        "resolved": "3.119.1",
        "contentHash": "6hR3BdLhApjDxR1bFrJ7/lMydPfI01s3K+3WjIXFUlfC0MFCFCwRzv+JtzIkW9bDXs7XUVQS+6EVf0uzCasnGQ=="
      },
      "SkiaSharp.NativeAssets.Win32": {
        "type": "Transitive",
        "resolved": "3.119.1",
        "contentHash": "8C4GSXVJqSr0y3Tyyv5jz6MJSTVUyYkMjeKrzK+VyZPGLo89MNoUEclVuYahzOCDdtbfXrd2HtxXfDuvoSXrUw=="
      },
      "Spectre.Console": {
        "type": "Transitive",
        "resolved": "0.53.0",
        "contentHash": "m2iv8Egfywp7FaNLKCmCFHbSf36D4ctzZKvlAK9NXMyGLh6L+CnrZWK8o+LOYsoAS1jtoHn0W1BT0W8vuq/FUw=="
      },
      "System.Composition": {
        "type": "Transitive",
        "resolved": "9.0.0",
        "contentHash": "3Djj70fFTraOarSKmRnmRy/zm4YurICm+kiCtI0dYRqGJnLX6nJ+G3WYuFJ173cAPax/gh96REcbNiVqcrypFQ==",
        "dependencies": {
          "System.Composition.AttributedModel": "9.0.0",
          "System.Composition.Convention": "9.0.0",
          "System.Composition.Hosting": "9.0.0",
          "System.Composition.Runtime": "9.0.0",
          "System.Composition.TypedParts": "9.0.0"
        }
      },
      "System.Composition.AttributedModel": {
        "type": "Transitive",
        "resolved": "9.0.0",
        "contentHash": "iri00l/zIX9g4lHMY+Nz0qV1n40+jFYAmgsaiNn16xvt2RDwlqByNG4wgblagnDYxm3YSQQ0jLlC/7Xlk9CzyA=="
      },
      "System.Composition.Convention": {
        "type": "Transitive",
        "resolved": "9.0.0",
        "contentHash": "+vuqVP6xpi582XIjJi6OCsIxuoTZfR0M7WWufk3uGDeCl3wGW6KnpylUJ3iiXdPByPE0vR5TjJgR6hDLez4FQg==",
        "dependencies": {
          "System.Composition.AttributedModel": "9.0.0"
        }
      },
      "System.Composition.Hosting": {
        "type": "Transitive",
        "resolved": "9.0.0",
        "contentHash": "OFqSeFeJYr7kHxDfaViGM1ymk7d4JxK//VSoNF9Ux0gpqkLsauDZpu89kTHHNdCWfSljbFcvAafGyBoY094btQ==",
        "dependencies": {
          "System.Composition.Runtime": "9.0.0"
        }
      },
      "System.Composition.Runtime": {
        "type": "Transitive",
        "resolved": "9.0.0",
        "contentHash": "w1HOlQY1zsOWYussjFGZCEYF2UZXgvoYnS94NIu2CBnAGMbXFAX8PY8c92KwUItPmowal68jnVLBCzdrWLeEKA=="
      },
      "System.Composition.TypedParts": {
        "type": "Transitive",
        "resolved": "9.0.0",
        "contentHash": "aRZlojCCGEHDKqh43jaDgaVpYETsgd7Nx4g1zwLKMtv4iTo0627715ajEFNpEEBTgLmvZuv8K0EVxc3sM4NWJA==",
        "dependencies": {
          "System.Composition.AttributedModel": "9.0.0",
          "System.Composition.Hosting": "9.0.0",
          "System.Composition.Runtime": "9.0.0"
        }
      },
      "System.Diagnostics.EventLog": {
        "type": "Transitive",
        "resolved": "10.0.2",
        "contentHash": "TJPpTLF5MFPobq09c9BQ5X8QuviQfsKvH0Jbm7MkGylGvfIdRqJQLZDPC5sMRFkk9aZhmgir1NJKekip2NxfaA=="
      },
      "System.Threading.RateLimiting": {
        "type": "Transitive",
        "resolved": "8.0.0",
        "contentHash": "7mu9v0QDv66ar3DpGSZHg9NuNcxDaaAcnMULuZlaTpP9+hwXhrxNGsF5GmLkSHxFdb5bBc1TzeujsRgTrPWi+Q=="
      },
      "Weasel.Core": {
        "type": "Transitive",
        "resolved": "8.4.3",
        "contentHash": "In52Z7gO6J5Wlk2uQl+PSs/c4XLHj8Zn7P8jOsyRS6Yj9uzbxaVMyE4xv7HHmHKzKbBUSgrnLcQZAqaFf+Za5Q==",
        "dependencies": {
          "JasperFx": "1.11.3"
        }
      },
      "Weasel.Postgresql": {
        "type": "Transitive",
        "resolved": "8.4.3",
        "contentHash": "k3IYIqzZ1ZreXq08n8/xRBeCU68J3FuiJB2lu38nH8OZoy+P5/nXbbp+xIomhaSSetyIUiPac/oN3k6dLiy4/A==",
        "dependencies": {
          "DistributedLock.Postgres": "1.3.0",
          "Npgsql": "9.0.4",
          "Npgsql.NetTopologySuite": "9.0.4",
          "Weasel.Core": "8.4.3"
        }
      },
      "WolverineFx": {
        "type": "Transitive",
        "resolved": "5.12.1",
        "contentHash": "yDktVBTojhHZTp4NkhOYOw9WjgwPkFDQ7Q2AzYpwsihFbWGOw9MpXI1D+w7aBd/2dXxGgA0rMjsI/xHZJGD+JA==",
        "dependencies": {
          "JasperFx": "1.16.0",
          "JasperFx.Events": "1.15.0",
          "JasperFx.RuntimeCompiler": "4.3.1",
          "Microsoft.Extensions.Caching.Memory": "10.0.0",
          "Microsoft.Extensions.Configuration": "10.0.0",
          "Microsoft.Extensions.Configuration.Abstractions": "10.0.0",
          "Microsoft.Extensions.Configuration.Binder": "10.0.0",
          "Microsoft.Extensions.Configuration.Json": "10.0.0",
          "Microsoft.Extensions.Hosting": "10.0.0",
          "Microsoft.Extensions.Hosting.Abstractions": "10.0.0",
          "Microsoft.Extensions.ObjectPool": "10.0.0",
          "NewId": "4.0.1",
          "Newtonsoft.Json": "13.0.3"
        }
      },
      "WolverineFx.Http.Marten": {
        "type": "Transitive",
        "resolved": "5.12.1",
        "contentHash": "ynZADw+xvu7oW32B3/SKBxnL64WWXr6ewUTDWH4xnHSoluoBJc41gVINsUSKkw5CVh1oW44UnioQ7iBMif9N5Q==",
        "dependencies": {
          "Marten.AspNetCore": "8.15.0",
          "WolverineFx.Http": "5.12.1",
          "WolverineFx.Marten": "5.12.1"
        }
      },
      "WolverineFx.Marten": {
        "type": "Transitive",
        "resolved": "5.12.1",
        "contentHash": "8QKk0R+RTochQeTo3E2h9c5xbq5a/gG0dcp0SpXiWUg6gv+I9Zp1knbAdIlkFDX7mun3YTF6TimUrVe98R3HqQ==",
        "dependencies": {
          "Marten": "8.18.2",
          "WolverineFx.Postgresql": "5.12.1"
        }
      },
      "WolverineFx.Postgresql": {
        "type": "Transitive",
        "resolved": "5.12.1",
        "contentHash": "XAs5DRukLM6SYTcYQdIyAHUwNDYg4/H8XekTzDlFZiXjIKv4u+AiOFq534nQILZdOP2xvIVztT8twLT/EZ3U1w==",
        "dependencies": {
          "Weasel.Postgresql": "8.4.3",
          "WolverineFx.RDBMS": "5.12.1"
        }
      },
      "WolverineFx.RabbitMQ": {
        "type": "Transitive",
        "resolved": "5.12.1",
        "contentHash": "GHV4CzL85hB495jz9zZ36dSnvCPZTV96tRSlc+ovTlHlVqaA6c8rRuGfQFY6bYxgQ1Fe3DrFFTEGl05vbNqDTQ==",
        "dependencies": {
          "RabbitMQ.Client": "7.1.2",
          "WolverineFx": "5.12.1"
        }
      },
      "WolverineFx.RDBMS": {
        "type": "Transitive",
        "resolved": "5.12.1",
        "contentHash": "swdZLVADRVAYvd5f9qui1xPky+JCIn+aNnWqW+WbeS5JOL8Sk9ubZRnqzQV+7pXbuo44Lqk+0ROQn10WBEcDTQ==",
        "dependencies": {
          "Weasel.Core": "8.4.3",
          "WolverineFx": "5.12.1"
        }
      },
      "nexus.application": {
        "type": "Project",
        "dependencies": {
          "FluentValidation": "[12.1.1, )",
          "Marten": "[8.18.3, )",
          "Microsoft.Extensions.Hosting": "[10.0.2, )",
          "Nexus.Domain": "[1.0.0, )",
          "SkiaSharp": "[3.119.1, )",
          "SkiaSharp.NativeAssets.Linux": "[3.119.1, )",
          "SkiaSharp.NativeAssets.Win32": "[3.119.1, )",
          "SkiaSharp.NativeAssets.macOS": "[3.119.1, )",
          "WolverineFx.Http": "[5.12.1, )",
          "WolverineFx.Http.Marten": "[5.12.1, )",
          "WolverineFx.Marten": "[5.12.1, )",
          "WolverineFx.RabbitMQ": "[5.12.1, )"
        }
      },
      "nexus.domain": {
        "type": "Project"
      }
    }
  }
}